// !$*UTF8*$!
{
	archiveVersion = 1;
	classes = {
	};
	objectVersion = 50;
	objects = {

/* Begin PBXBuildFile section */
		2D111AAC2258266F001986BD /* CreateNewAccountController.swift in Sources */ = {isa = PBXBuildFile; fileRef = 2D111AAB2258266F001986BD /* CreateNewAccountController.swift */; };
		2D436BEA2258802400EE6A10 /* PatientTableCellView.swift in Sources */ = {isa = PBXBuildFile; fileRef = 2D436BE92258802400EE6A10 /* PatientTableCellView.swift */; };
		2D436BEE2258828300EE6A10 /* PatientTableViewController.swift in Sources */ = {isa = PBXBuildFile; fileRef = 2D436BED2258828300EE6A10 /* PatientTableViewController.swift */; };
		2D436BF02258A0CA00EE6A10 /* PatientDetailController.swift in Sources */ = {isa = PBXBuildFile; fileRef = 2D436BEF2258A0CA00EE6A10 /* PatientDetailController.swift */; };
		2D530AC72258120F00ED1772 /* AdminHomepageController.swift in Sources */ = {isa = PBXBuildFile; fileRef = 2D530AC62258120F00ED1772 /* AdminHomepageController.swift */; };
		2D530AC9225815CB00ED1772 /* StartPageController.swift in Sources */ = {isa = PBXBuildFile; fileRef = 2D530AC8225815CB00ED1772 /* StartPageController.swift */; };
		2D60898F22570E8C00150702 /* SQLiteDatabase.swift in Sources */ = {isa = PBXBuildFile; fileRef = 2D60898E22570E8C00150702 /* SQLiteDatabase.swift */; };
		2D60899122570F2200150702 /* Patient.swift in Sources */ = {isa = PBXBuildFile; fileRef = 2D60899022570F2200150702 /* Patient.swift */; };
		2D6089932257101100150702 /* Button.swift in Sources */ = {isa = PBXBuildFile; fileRef = 2D6089922257101100150702 /* Button.swift */; };
		2D6089952257104400150702 /* ButtonTriggerEvent.swift in Sources */ = {isa = PBXBuildFile; fileRef = 2D6089942257104400150702 /* ButtonTriggerEvent.swift */; };
		2D6089982257107D00150702 /* Mission.swift in Sources */ = {isa = PBXBuildFile; fileRef = 2D6089972257107D00150702 /* Mission.swift */; };
		2DC608FC225483520089E238 /* AppDelegate.swift in Sources */ = {isa = PBXBuildFile; fileRef = 2DC608FB225483520089E238 /* AppDelegate.swift */; };
		2DC60901225483520089E238 /* Main.storyboard in Resources */ = {isa = PBXBuildFile; fileRef = 2DC608FF225483520089E238 /* Main.storyboard */; };
		2DC60903225483560089E238 /* Assets.xcassets in Resources */ = {isa = PBXBuildFile; fileRef = 2DC60902225483560089E238 /* Assets.xcassets */; };
		2DC60906225483560089E238 /* LaunchScreen.storyboard in Resources */ = {isa = PBXBuildFile; fileRef = 2DC60904225483560089E238 /* LaunchScreen.storyboard */; };
		2DC60911225483560089E238 /* StrokeRehabilitationTests.swift in Sources */ = {isa = PBXBuildFile; fileRef = 2DC60910225483560089E238 /* StrokeRehabilitationTests.swift */; };
		2DC6091C225483560089E238 /* StrokeRehabilitationUITests.swift in Sources */ = {isa = PBXBuildFile; fileRef = 2DC6091B225483560089E238 /* StrokeRehabilitationUITests.swift */; };
/* End PBXBuildFile section */

/* Begin PBXContainerItemProxy section */
		2DC6090D225483560089E238 /* PBXContainerItemProxy */ = {
			isa = PBXContainerItemProxy;
			containerPortal = 2DC608F0225483520089E238 /* Project object */;
			proxyType = 1;
			remoteGlobalIDString = 2DC608F7225483520089E238;
			remoteInfo = StrokeRehabilitation;
		};
		2DC60918225483560089E238 /* PBXContainerItemProxy */ = {
			isa = PBXContainerItemProxy;
			containerPortal = 2DC608F0225483520089E238 /* Project object */;
			proxyType = 1;
			remoteGlobalIDString = 2DC608F7225483520089E238;
			remoteInfo = StrokeRehabilitation;
		};
/* End PBXContainerItemProxy section */

/* Begin PBXFileReference section */
		2D111AAB2258266F001986BD /* CreateNewAccountController.swift */ = {isa = PBXFileReference; lastKnownFileType = sourcecode.swift; path = CreateNewAccountController.swift; sourceTree = "<group>"; };
		2D436BE92258802400EE6A10 /* PatientTableCellView.swift */ = {isa = PBXFileReference; lastKnownFileType = sourcecode.swift; path = PatientTableCellView.swift; sourceTree = "<group>"; };
		2D436BED2258828300EE6A10 /* PatientTableViewController.swift */ = {isa = PBXFileReference; lastKnownFileType = sourcecode.swift; path = PatientTableViewController.swift; sourceTree = "<group>"; };
		2D436BEF2258A0CA00EE6A10 /* PatientDetailController.swift */ = {isa = PBXFileReference; lastKnownFileType = sourcecode.swift; path = PatientDetailController.swift; sourceTree = "<group>"; };
		2D530AC62258120F00ED1772 /* AdminHomepageController.swift */ = {isa = PBXFileReference; lastKnownFileType = sourcecode.swift; path = AdminHomepageController.swift; sourceTree = "<group>"; };
		2D530AC8225815CB00ED1772 /* StartPageController.swift */ = {isa = PBXFileReference; lastKnownFileType = sourcecode.swift; path = StartPageController.swift; sourceTree = "<group>"; };
		2D60898E22570E8C00150702 /* SQLiteDatabase.swift */ = {isa = PBXFileReference; lastKnownFileType = sourcecode.swift; path = SQLiteDatabase.swift; sourceTree = "<group>"; };
		2D60899022570F2200150702 /* Patient.swift */ = {isa = PBXFileReference; lastKnownFileType = sourcecode.swift; path = Patient.swift; sourceTree = "<group>"; };
		2D6089922257101100150702 /* Button.swift */ = {isa = PBXFileReference; lastKnownFileType = sourcecode.swift; path = Button.swift; sourceTree = "<group>"; };
		2D6089942257104400150702 /* ButtonTriggerEvent.swift */ = {isa = PBXFileReference; lastKnownFileType = sourcecode.swift; path = ButtonTriggerEvent.swift; sourceTree = "<group>"; };
		2D6089972257107D00150702 /* Mission.swift */ = {isa = PBXFileReference; lastKnownFileType = sourcecode.swift; path = Mission.swift; sourceTree = "<group>"; };
		2DC608F8225483520089E238 /* StrokeRehabilitation.app */ = {isa = PBXFileReference; explicitFileType = wrapper.application; includeInIndex = 0; path = StrokeRehabilitation.app; sourceTree = BUILT_PRODUCTS_DIR; };
		2DC608FB225483520089E238 /* AppDelegate.swift */ = {isa = PBXFileReference; lastKnownFileType = sourcecode.swift; path = AppDelegate.swift; sourceTree = "<group>"; };
		2DC60900225483520089E238 /* Base */ = {isa = PBXFileReference; lastKnownFileType = file.storyboard; name = Base; path = Base.lproj/Main.storyboard; sourceTree = "<group>"; };
		2DC60902225483560089E238 /* Assets.xcassets */ = {isa = PBXFileReference; lastKnownFileType = folder.assetcatalog; path = Assets.xcassets; sourceTree = "<group>"; };
		2DC60905225483560089E238 /* Base */ = {isa = PBXFileReference; lastKnownFileType = file.storyboard; name = Base; path = Base.lproj/LaunchScreen.storyboard; sourceTree = "<group>"; };
		2DC60907225483560089E238 /* Info.plist */ = {isa = PBXFileReference; lastKnownFileType = text.plist.xml; path = Info.plist; sourceTree = "<group>"; };
		2DC6090C225483560089E238 /* StrokeRehabilitationTests.xctest */ = {isa = PBXFileReference; explicitFileType = wrapper.cfbundle; includeInIndex = 0; path = StrokeRehabilitationTests.xctest; sourceTree = BUILT_PRODUCTS_DIR; };
		2DC60910225483560089E238 /* StrokeRehabilitationTests.swift */ = {isa = PBXFileReference; lastKnownFileType = sourcecode.swift; path = StrokeRehabilitationTests.swift; sourceTree = "<group>"; };
		2DC60912225483560089E238 /* Info.plist */ = {isa = PBXFileReference; lastKnownFileType = text.plist.xml; path = Info.plist; sourceTree = "<group>"; };
		2DC60917225483560089E238 /* StrokeRehabilitationUITests.xctest */ = {isa = PBXFileReference; explicitFileType = wrapper.cfbundle; includeInIndex = 0; path = StrokeRehabilitationUITests.xctest; sourceTree = BUILT_PRODUCTS_DIR; };
		2DC6091B225483560089E238 /* StrokeRehabilitationUITests.swift */ = {isa = PBXFileReference; lastKnownFileType = sourcecode.swift; path = StrokeRehabilitationUITests.swift; sourceTree = "<group>"; };
		2DC6091D225483560089E238 /* Info.plist */ = {isa = PBXFileReference; lastKnownFileType = text.plist.xml; path = Info.plist; sourceTree = "<group>"; };
/* End PBXFileReference section */

/* Begin PBXFrameworksBuildPhase section */
		2DC608F5225483520089E238 /* Frameworks */ = {
			isa = PBXFrameworksBuildPhase;
			buildActionMask = 2147483647;
			files = (
			);
			runOnlyForDeploymentPostprocessing = 0;
		};
		2DC60909225483560089E238 /* Frameworks */ = {
			isa = PBXFrameworksBuildPhase;
			buildActionMask = 2147483647;
			files = (
			);
			runOnlyForDeploymentPostprocessing = 0;
		};
		2DC60914225483560089E238 /* Frameworks */ = {
			isa = PBXFrameworksBuildPhase;
			buildActionMask = 2147483647;
			files = (
			);
			runOnlyForDeploymentPostprocessing = 0;
		};
/* End PBXFrameworksBuildPhase section */

/* Begin PBXGroup section */
		2D6089962257105200150702 /* Core */ = {
			isa = PBXGroup;
			children = (
				2D60899022570F2200150702 /* Patient.swift */,
				2D6089922257101100150702 /* Button.swift */,
				2D6089942257104400150702 /* ButtonTriggerEvent.swift */,
				2D6089972257107D00150702 /* Mission.swift */,
			);
			path = Core;
			sourceTree = "<group>";
		};
		2DC608EF225483520089E238 = {
			isa = PBXGroup;
			children = (
				2DC608FA225483520089E238 /* StrokeRehabilitation */,
				2DC6090F225483560089E238 /* StrokeRehabilitationTests */,
				2DC6091A225483560089E238 /* StrokeRehabilitationUITests */,
				2DC608F9225483520089E238 /* Products */,
			);
			sourceTree = "<group>";
		};
		2DC608F9225483520089E238 /* Products */ = {
			isa = PBXGroup;
			children = (
				2DC608F8225483520089E238 /* StrokeRehabilitation.app */,
				2DC6090C225483560089E238 /* StrokeRehabilitationTests.xctest */,
				2DC60917225483560089E238 /* StrokeRehabilitationUITests.xctest */,
			);
			name = Products;
			sourceTree = "<group>";
		};
		2DC608FA225483520089E238 /* StrokeRehabilitation */ = {
			isa = PBXGroup;
			children = (
				2D6089962257105200150702 /* Core */,
				2DC6092B225487980089E238 /* View */,
				2DC6092A225483DD0089E238 /* Controller */,
				2DC608FB225483520089E238 /* AppDelegate.swift */,
				2DC60902225483560089E238 /* Assets.xcassets */,
				2DC60904225483560089E238 /* LaunchScreen.storyboard */,
				2DC60907225483560089E238 /* Info.plist */,
			);
			path = StrokeRehabilitation;
			sourceTree = "<group>";
		};
		2DC6090F225483560089E238 /* StrokeRehabilitationTests */ = {
			isa = PBXGroup;
			children = (
				2DC60910225483560089E238 /* StrokeRehabilitationTests.swift */,
				2DC60912225483560089E238 /* Info.plist */,
			);
			path = StrokeRehabilitationTests;
			sourceTree = "<group>";
		};
		2DC6091A225483560089E238 /* StrokeRehabilitationUITests */ = {
			isa = PBXGroup;
			children = (
				2DC6091B225483560089E238 /* StrokeRehabilitationUITests.swift */,
				2DC6091D225483560089E238 /* Info.plist */,
			);
			path = StrokeRehabilitationUITests;
			sourceTree = "<group>";
		};
		2DC6092A225483DD0089E238 /* Controller */ = {
			isa = PBXGroup;
			children = (
				2D60898E22570E8C00150702 /* SQLiteDatabase.swift */,
			);
			path = Controller;
			sourceTree = "<group>";
		};
		2DC6092B225487980089E238 /* View */ = {
			isa = PBXGroup;
			children = (
				2D436BED2258828300EE6A10 /* PatientTableViewController.swift */,
				2D436BE92258802400EE6A10 /* PatientTableCellView.swift */,
				2D530AC62258120F00ED1772 /* AdminHomepageController.swift */,
				2DC608FF225483520089E238 /* Main.storyboard */,
				2D436BEF2258A0CA00EE6A10 /* PatientDetailController.swift */,
				2D530AC8225815CB00ED1772 /* StartPageController.swift */,
				2D111AAB2258266F001986BD /* CreateNewAccountController.swift */,
			);
			path = View;
			sourceTree = "<group>";
		};
/* End PBXGroup section */

/* Begin PBXNativeTarget section */
		2DC608F7225483520089E238 /* StrokeRehabilitation */ = {
			isa = PBXNativeTarget;
			buildConfigurationList = 2DC60920225483560089E238 /* Build configuration list for PBXNativeTarget "StrokeRehabilitation" */;
			buildPhases = (
				2DC608F4225483520089E238 /* Sources */,
				2DC608F5225483520089E238 /* Frameworks */,
				2DC608F6225483520089E238 /* Resources */,
			);
			buildRules = (
			);
			dependencies = (
			);
			name = StrokeRehabilitation;
			productName = StrokeRehabilitation;
			productReference = 2DC608F8225483520089E238 /* StrokeRehabilitation.app */;
			productType = "com.apple.product-type.application";
		};
		2DC6090B225483560089E238 /* StrokeRehabilitationTests */ = {
			isa = PBXNativeTarget;
			buildConfigurationList = 2DC60923225483560089E238 /* Build configuration list for PBXNativeTarget "StrokeRehabilitationTests" */;
			buildPhases = (
				2DC60908225483560089E238 /* Sources */,
				2DC60909225483560089E238 /* Frameworks */,
				2DC6090A225483560089E238 /* Resources */,
			);
			buildRules = (
			);
			dependencies = (
				2DC6090E225483560089E238 /* PBXTargetDependency */,
			);
			name = StrokeRehabilitationTests;
			productName = StrokeRehabilitationTests;
			productReference = 2DC6090C225483560089E238 /* StrokeRehabilitationTests.xctest */;
			productType = "com.apple.product-type.bundle.unit-test";
		};
		2DC60916225483560089E238 /* StrokeRehabilitationUITests */ = {
			isa = PBXNativeTarget;
			buildConfigurationList = 2DC60926225483560089E238 /* Build configuration list for PBXNativeTarget "StrokeRehabilitationUITests" */;
			buildPhases = (
				2DC60913225483560089E238 /* Sources */,
				2DC60914225483560089E238 /* Frameworks */,
				2DC60915225483560089E238 /* Resources */,
			);
			buildRules = (
			);
			dependencies = (
				2DC60919225483560089E238 /* PBXTargetDependency */,
			);
			name = StrokeRehabilitationUITests;
			productName = StrokeRehabilitationUITests;
			productReference = 2DC60917225483560089E238 /* StrokeRehabilitationUITests.xctest */;
			productType = "com.apple.product-type.bundle.ui-testing";
		};
/* End PBXNativeTarget section */

/* Begin PBXProject section */
		2DC608F0225483520089E238 /* Project object */ = {
			isa = PBXProject;
			attributes = {
				LastSwiftUpdateCheck = 1010;
				LastUpgradeCheck = 1010;
				ORGANIZATIONNAME = Project;
				TargetAttributes = {
					2DC608F7225483520089E238 = {
						CreatedOnToolsVersion = 10.1;
					};
					2DC6090B225483560089E238 = {
						CreatedOnToolsVersion = 10.1;
						TestTargetID = 2DC608F7225483520089E238;
					};
					2DC60916225483560089E238 = {
						CreatedOnToolsVersion = 10.1;
						TestTargetID = 2DC608F7225483520089E238;
					};
				};
			};
			buildConfigurationList = 2DC608F3225483520089E238 /* Build configuration list for PBXProject "StrokeRehabilitation" */;
			compatibilityVersion = "Xcode 9.3";
			developmentRegion = en;
			hasScannedForEncodings = 0;
			knownRegions = (
				en,
				Base,
			);
			mainGroup = 2DC608EF225483520089E238;
			productRefGroup = 2DC608F9225483520089E238 /* Products */;
			projectDirPath = "";
			projectRoot = "";
			targets = (
				2DC608F7225483520089E238 /* StrokeRehabilitation */,
				2DC6090B225483560089E238 /* StrokeRehabilitationTests */,
				2DC60916225483560089E238 /* StrokeRehabilitationUITests */,
			);
		};
/* End PBXProject section */

/* Begin PBXResourcesBuildPhase section */
		2DC608F6225483520089E238 /* Resources */ = {
			isa = PBXResourcesBuildPhase;
			buildActionMask = 2147483647;
			files = (
				2DC60906225483560089E238 /* LaunchScreen.storyboard in Resources */,
				2DC60903225483560089E238 /* Assets.xcassets in Resources */,
				2DC60901225483520089E238 /* Main.storyboard in Resources */,
			);
			runOnlyForDeploymentPostprocessing = 0;
		};
		2DC6090A225483560089E238 /* Resources */ = {
			isa = PBXResourcesBuildPhase;
			buildActionMask = 2147483647;
			files = (
			);
			runOnlyForDeploymentPostprocessing = 0;
		};
		2DC60915225483560089E238 /* Resources */ = {
			isa = PBXResourcesBuildPhase;
			buildActionMask = 2147483647;
			files = (
			);
			runOnlyForDeploymentPostprocessing = 0;
		};
/* End PBXResourcesBuildPhase section */

/* Begin PBXSourcesBuildPhase section */
		2DC608F4225483520089E238 /* Sources */ = {
			isa = PBXSourcesBuildPhase;
			buildActionMask = 2147483647;
			files = (
				2D436BF02258A0CA00EE6A10 /* PatientDetailController.swift in Sources */,
				2D6089932257101100150702 /* Button.swift in Sources */,
				2D111AAC2258266F001986BD /* CreateNewAccountController.swift in Sources */,
				2D6089952257104400150702 /* ButtonTriggerEvent.swift in Sources */,
				2D436BEA2258802400EE6A10 /* PatientTableCellView.swift in Sources */,
				2D530AC72258120F00ED1772 /* AdminHomepageController.swift in Sources */,
				2D530AC9225815CB00ED1772 /* StartPageController.swift in Sources */,
				2D436BEE2258828300EE6A10 /* PatientTableViewController.swift in Sources */,
				2D60899122570F2200150702 /* Patient.swift in Sources */,
				2DC608FC225483520089E238 /* AppDelegate.swift in Sources */,
				2D6089982257107D00150702 /* Mission.swift in Sources */,
				2D60898F22570E8C00150702 /* SQLiteDatabase.swift in Sources */,
			);
			runOnlyForDeploymentPostprocessing = 0;
		};
		2DC60908225483560089E238 /* Sources */ = {
			isa = PBXSourcesBuildPhase;
			buildActionMask = 2147483647;
			files = (
				2DC60911225483560089E238 /* StrokeRehabilitationTests.swift in Sources */,
			);
			runOnlyForDeploymentPostprocessing = 0;
		};
		2DC60913225483560089E238 /* Sources */ = {
			isa = PBXSourcesBuildPhase;
			buildActionMask = 2147483647;
			files = (
				2DC6091C225483560089E238 /* StrokeRehabilitationUITests.swift in Sources */,
			);
			runOnlyForDeploymentPostprocessing = 0;
		};
/* End PBXSourcesBuildPhase section */

/* Begin PBXTargetDependency section */
		2DC6090E225483560089E238 /* PBXTargetDependency */ = {
			isa = PBXTargetDependency;
			target = 2DC608F7225483520089E238 /* StrokeRehabilitation */;
			targetProxy = 2DC6090D225483560089E238 /* PBXContainerItemProxy */;
		};
		2DC60919225483560089E238 /* PBXTargetDependency */ = {
			isa = PBXTargetDependency;
			target = 2DC608F7225483520089E238 /* StrokeRehabilitation */;
			targetProxy = 2DC60918225483560089E238 /* PBXContainerItemProxy */;
		};
/* End PBXTargetDependency section */

/* Begin PBXVariantGroup section */
		2DC608FF225483520089E238 /* Main.storyboard */ = {
			isa = PBXVariantGroup;
			children = (
				2DC60900225483520089E238 /* Base */,
			);
			name = Main.storyboard;
			sourceTree = "<group>";
		};
		2DC60904225483560089E238 /* LaunchScreen.storyboard */ = {
			isa = PBXVariantGroup;
			children = (
				2DC60905225483560089E238 /* Base */,
			);
			name = LaunchScreen.storyboard;
			sourceTree = "<group>";
		};
/* End PBXVariantGroup section */

/* Begin XCBuildConfiguration section */
		2DC6091E225483560089E238 /* Debug */ = {
			isa = XCBuildConfiguration;
			buildSettings = {
				ALWAYS_SEARCH_USER_PATHS = NO;
				CLANG_ANALYZER_NONNULL = YES;
				CLANG_ANALYZER_NUMBER_OBJECT_CONVERSION = YES_AGGRESSIVE;
				CLANG_CXX_LANGUAGE_STANDARD = "gnu++14";
				CLANG_CXX_LIBRARY = "libc++";
				CLANG_ENABLE_MODULES = YES;
				CLANG_ENABLE_OBJC_ARC = YES;
				CLANG_ENABLE_OBJC_WEAK = YES;
				CLANG_WARN_BLOCK_CAPTURE_AUTORELEASING = YES;
				CLANG_WARN_BOOL_CONVERSION = YES;
				CLANG_WARN_COMMA = YES;
				CLANG_WARN_CONSTANT_CONVERSION = YES;
				CLANG_WARN_DEPRECATED_OBJC_IMPLEMENTATIONS = YES;
				CLANG_WARN_DIRECT_OBJC_ISA_USAGE = YES_ERROR;
				CLANG_WARN_DOCUMENTATION_COMMENTS = YES;
				CLANG_WARN_EMPTY_BODY = YES;
				CLANG_WARN_ENUM_CONVERSION = YES;
				CLANG_WARN_INFINITE_RECURSION = YES;
				CLANG_WARN_INT_CONVERSION = YES;
				CLANG_WARN_NON_LITERAL_NULL_CONVERSION = YES;
				CLANG_WARN_OBJC_IMPLICIT_RETAIN_SELF = YES;
				CLANG_WARN_OBJC_LITERAL_CONVERSION = YES;
				CLANG_WARN_OBJC_ROOT_CLASS = YES_ERROR;
				CLANG_WARN_RANGE_LOOP_ANALYSIS = YES;
				CLANG_WARN_STRICT_PROTOTYPES = YES;
				CLANG_WARN_SUSPICIOUS_MOVE = YES;
				CLANG_WARN_UNGUARDED_AVAILABILITY = YES_AGGRESSIVE;
				CLANG_WARN_UNREACHABLE_CODE = YES;
				CLANG_WARN__DUPLICATE_METHOD_MATCH = YES;
				CODE_SIGN_IDENTITY = "iPhone Developer";
				COPY_PHASE_STRIP = NO;
				DEBUG_INFORMATION_FORMAT = dwarf;
				ENABLE_STRICT_OBJC_MSGSEND = YES;
				ENABLE_TESTABILITY = YES;
				GCC_C_LANGUAGE_STANDARD = gnu11;
				GCC_DYNAMIC_NO_PIC = NO;
				GCC_NO_COMMON_BLOCKS = YES;
				GCC_OPTIMIZATION_LEVEL = 0;
				GCC_PREPROCESSOR_DEFINITIONS = (
					"DEBUG=1",
					"$(inherited)",
				);
				GCC_WARN_64_TO_32_BIT_CONVERSION = YES;
				GCC_WARN_ABOUT_RETURN_TYPE = YES_ERROR;
				GCC_WARN_UNDECLARED_SELECTOR = YES;
				GCC_WARN_UNINITIALIZED_AUTOS = YES_AGGRESSIVE;
				GCC_WARN_UNUSED_FUNCTION = YES;
				GCC_WARN_UNUSED_VARIABLE = YES;
				IPHONEOS_DEPLOYMENT_TARGET = 12.1;
				MTL_ENABLE_DEBUG_INFO = INCLUDE_SOURCE;
				MTL_FAST_MATH = YES;
				ONLY_ACTIVE_ARCH = YES;
				SDKROOT = iphoneos;
				SWIFT_ACTIVE_COMPILATION_CONDITIONS = DEBUG;
				SWIFT_OPTIMIZATION_LEVEL = "-Onone";
			};
			name = Debug;
		};
		2DC6091F225483560089E238 /* Release */ = {
			isa = XCBuildConfiguration;
			buildSettings = {
				ALWAYS_SEARCH_USER_PATHS = NO;
				CLANG_ANALYZER_NONNULL = YES;
				CLANG_ANALYZER_NUMBER_OBJECT_CONVERSION = YES_AGGRESSIVE;
				CLANG_CXX_LANGUAGE_STANDARD = "gnu++14";
				CLANG_CXX_LIBRARY = "libc++";
				CLANG_ENABLE_MODULES = YES;
				CLANG_ENABLE_OBJC_ARC = YES;
				CLANG_ENABLE_OBJC_WEAK = YES;
				CLANG_WARN_BLOCK_CAPTURE_AUTORELEASING = YES;
				CLANG_WARN_BOOL_CONVERSION = YES;
				CLANG_WARN_COMMA = YES;
				CLANG_WARN_CONSTANT_CONVERSION = YES;
				CLANG_WARN_DEPRECATED_OBJC_IMPLEMENTATIONS = YES;
				CLANG_WARN_DIRECT_OBJC_ISA_USAGE = YES_ERROR;
				CLANG_WARN_DOCUMENTATION_COMMENTS = YES;
				CLANG_WARN_EMPTY_BODY = YES;
				CLANG_WARN_ENUM_CONVERSION = YES;
				CLANG_WARN_INFINITE_RECURSION = YES;
				CLANG_WARN_INT_CONVERSION = YES;
				CLANG_WARN_NON_LITERAL_NULL_CONVERSION = YES;
				CLANG_WARN_OBJC_IMPLICIT_RETAIN_SELF = YES;
				CLANG_WARN_OBJC_LITERAL_CONVERSION = YES;
				CLANG_WARN_OBJC_ROOT_CLASS = YES_ERROR;
				CLANG_WARN_RANGE_LOOP_ANALYSIS = YES;
				CLANG_WARN_STRICT_PROTOTYPES = YES;
				CLANG_WARN_SUSPICIOUS_MOVE = YES;
				CLANG_WARN_UNGUARDED_AVAILABILITY = YES_AGGRESSIVE;
				CLANG_WARN_UNREACHABLE_CODE = YES;
				CLANG_WARN__DUPLICATE_METHOD_MATCH = YES;
				CODE_SIGN_IDENTITY = "iPhone Developer";
				COPY_PHASE_STRIP = NO;
				DEBUG_INFORMATION_FORMAT = "dwarf-with-dsym";
				ENABLE_NS_ASSERTIONS = NO;
				ENABLE_STRICT_OBJC_MSGSEND = YES;
				GCC_C_LANGUAGE_STANDARD = gnu11;
				GCC_NO_COMMON_BLOCKS = YES;
				GCC_WARN_64_TO_32_BIT_CONVERSION = YES;
				GCC_WARN_ABOUT_RETURN_TYPE = YES_ERROR;
				GCC_WARN_UNDECLARED_SELECTOR = YES;
				GCC_WARN_UNINITIALIZED_AUTOS = YES_AGGRESSIVE;
				GCC_WARN_UNUSED_FUNCTION = YES;
				GCC_WARN_UNUSED_VARIABLE = YES;
				IPHONEOS_DEPLOYMENT_TARGET = 12.1;
				MTL_ENABLE_DEBUG_INFO = NO;
				MTL_FAST_MATH = YES;
				SDKROOT = iphoneos;
				SWIFT_COMPILATION_MODE = wholemodule;
				SWIFT_OPTIMIZATION_LEVEL = "-O";
				VALIDATE_PRODUCT = YES;
			};
			name = Release;
		};
		2DC60921225483560089E238 /* Debug */ = {
			isa = XCBuildConfiguration;
			buildSettings = {
				ASSETCATALOG_COMPILER_APPICON_NAME = AppIcon;
				CODE_SIGN_STYLE = Automatic;
				INFOPLIST_FILE = StrokeRehabilitation/Info.plist;
				LD_RUNPATH_SEARCH_PATHS = (
					"$(inherited)",
					"@executable_path/Frameworks",
				);
				PRODUCT_BUNDLE_IDENTIFIER = project.StrokeRehabilitation;
				PRODUCT_NAME = "$(TARGET_NAME)";
				SWIFT_VERSION = 4.2;
				TARGETED_DEVICE_FAMILY = "1,2";
			};
			name = Debug;
		};
		2DC60922225483560089E238 /* Release */ = {
			isa = XCBuildConfiguration;
			buildSettings = {
				ASSETCATALOG_COMPILER_APPICON_NAME = AppIcon;
				CODE_SIGN_STYLE = Automatic;
				INFOPLIST_FILE = StrokeRehabilitation/Info.plist;
				LD_RUNPATH_SEARCH_PATHS = (
					"$(inherited)",
					"@executable_path/Frameworks",
				);
				PRODUCT_BUNDLE_IDENTIFIER = project.StrokeRehabilitation;
				PRODUCT_NAME = "$(TARGET_NAME)";
				SWIFT_VERSION = 4.2;
				TARGETED_DEVICE_FAMILY = "1,2";
			};
			name = Release;
		};
		2DC60924225483560089E238 /* Debug */ = {
			isa = XCBuildConfiguration;
			buildSettings = {
				ALWAYS_EMBED_SWIFT_STANDARD_LIBRARIES = YES;
				BUNDLE_LOADER = "$(TEST_HOST)";
				CODE_SIGN_STYLE = Automatic;
				INFOPLIST_FILE = StrokeRehabilitationTests/Info.plist;
				LD_RUNPATH_SEARCH_PATHS = (
					"$(inherited)",
					"@executable_path/Frameworks",
					"@loader_path/Frameworks",
				);
				PRODUCT_BUNDLE_IDENTIFIER = project.StrokeRehabilitationTests;
				PRODUCT_NAME = "$(TARGET_NAME)";
				SWIFT_VERSION = 4.2;
				TARGETED_DEVICE_FAMILY = "1,2";
				TEST_HOST = "$(BUILT_PRODUCTS_DIR)/StrokeRehabilitation.app/StrokeRehabilitation";
			};
			name = Debug;
		};
		2DC60925225483560089E238 /* Release */ = {
			isa = XCBuildConfiguration;
			buildSettings = {
				ALWAYS_EMBED_SWIFT_STANDARD_LIBRARIES = YES;
				BUNDLE_LOADER = "$(TEST_HOST)";
				CODE_SIGN_STYLE = Automatic;
				INFOPLIST_FILE = StrokeRehabilitationTests/Info.plist;
				LD_RUNPATH_SEARCH_PATHS = (
					"$(inherited)",
					"@executable_path/Frameworks",
					"@loader_path/Frameworks",
				);
				PRODUCT_BUNDLE_IDENTIFIER = project.StrokeRehabilitationTests;
				PRODUCT_NAME = "$(TARGET_NAME)";
				SWIFT_VERSION = 4.2;
				TARGETED_DEVICE_FAMILY = "1,2";
				TEST_HOST = "$(BUILT_PRODUCTS_DIR)/StrokeRehabilitation.app/StrokeRehabilitation";
			};
			name = Release;
		};
		2DC60927225483560089E238 /* Debug */ = {
			isa = XCBuildConfiguration;
			buildSettings = {
				ALWAYS_EMBED_SWIFT_STANDARD_LIBRARIES = YES;
				CODE_SIGN_STYLE = Automatic;
				INFOPLIST_FILE = StrokeRehabilitationUITests/Info.plist;
				LD_RUNPATH_SEARCH_PATHS = (
					"$(inherited)",
					"@executable_path/Frameworks",
					"@loader_path/Frameworks",
				);
				PRODUCT_BUNDLE_IDENTIFIER = project.StrokeRehabilitationUITests;
				PRODUCT_NAME = "$(TARGET_NAME)";
				SWIFT_VERSION = 4.2;
				TARGETED_DEVICE_FAMILY = "1,2";
				TEST_TARGET_NAME = StrokeRehabilitation;
			};
			name = Debug;
		};
		2DC60928225483560089E238 /* Release */ = {
			isa = XCBuildConfiguration;
			buildSettings = {
				ALWAYS_EMBED_SWIFT_STANDARD_LIBRARIES = YES;
				CODE_SIGN_STYLE = Automatic;
				INFOPLIST_FILE = StrokeRehabilitationUITests/Info.plist;
				LD_RUNPATH_SEARCH_PATHS = (
					"$(inherited)",
					"@executable_path/Frameworks",
					"@loader_path/Frameworks",
				);
				PRODUCT_BUNDLE_IDENTIFIER = project.StrokeRehabilitationUITests;
				PRODUCT_NAME = "$(TARGET_NAME)";
				SWIFT_VERSION = 4.2;
				TARGETED_DEVICE_FAMILY = "1,2";
				TEST_TARGET_NAME = StrokeRehabilitation;
			};
			name = Release;
		};
/* End XCBuildConfiguration section */

/* Begin XCConfigurationList section */
		2DC608F3225483520089E238 /* Build configuration list for PBXProject "StrokeRehabilitation" */ = {
			isa = XCConfigurationList;
			buildConfigurations = (
				2DC6091E225483560089E238 /* Debug */,
				2DC6091F225483560089E238 /* Release */,
			);
			defaultConfigurationIsVisible = 0;
			defaultConfigurationName = Release;
		};
		2DC60920225483560089E238 /* Build configuration list for PBXNativeTarget "StrokeRehabilitation" */ = {
			isa = XCConfigurationList;
			buildConfigurations = (
				2DC60921225483560089E238 /* Debug */,
				2DC60922225483560089E238 /* Release */,
			);
			defaultConfigurationIsVisible = 0;
			defaultConfigurationName = Release;
		};
		2DC60923225483560089E238 /* Build configuration list for PBXNativeTarget "StrokeRehabilitationTests" */ = {
			isa = XCConfigurationList;
			buildConfigurations = (
				2DC60924225483560089E238 /* Debug */,
				2DC60925225483560089E238 /* Release */,
			);
			defaultConfigurationIsVisible = 0;
			defaultConfigurationName = Release;
		};
		2DC60926225483560089E238 /* Build configuration list for PBXNativeTarget "StrokeRehabilitationUITests" */ = {
			isa = XCConfigurationList;
			buildConfigurations = (
				2DC60927225483560089E238 /* Debug */,
				2DC60928225483560089E238 /* Release */,
			);
			defaultConfigurationIsVisible = 0;
			defaultConfigurationName = Release;
		};
/* End XCConfigurationList section */
	};
	rootObject = 2DC608F0225483520089E238 /* Project object */;
}
